
Microsoft Visual Studio Solution File, Format Version 12.00
# Visual Studio Version 17
VisualStudioVersion = 17.3.32825.248
MinimumVisualStudioVersion = 10.0.40219.1
Project("{FAE04EC0-301F-11D3-BF4B-00C04F79EFBC}") = "Lab5", "Lab5\Lab5.csproj", "{B962D61A-461C-4545-92B9-F91EE47E4D76}"
EndProject
Global
	GlobalSection(SolutionConfigurationPlatforms) = preSolution
		Debug|Any CPU = Debug|Any CPU
		Release|Any CPU = Release|Any CPU
	EndGlobalSection
	GlobalSection(ProjectConfigurationPlatforms) = postSolution
		{B962D61A-461C-4545-92B9-F91EE47E4D76}.Debug|Any CPU.ActiveCfg = Debug|Any CPU
		{B962D61A-461C-4545-92B9-F91EE47E4D76}.Debug|Any CPU.Build.0 = Debug|Any CPU
		{B962D61A-461C-4545-92B9-F91EE47E4D76}.Release|Any CPU.ActiveCfg = Release|Any CPU
		{B962D61A-461C-4545-92B9-F91EE47E4D76}.Release|Any CPU.Build.0 = Release|Any CPU
	EndGlobalSection
	GlobalSection(SolutionProperties) = preSolution
		HideSolutionNode = FALSE
	EndGlobalSection
	GlobalSection(ExtensibilityGlobals) = postSolution
		SolutionGuid = {6BFF2526-673B-45EE-ABDC-81DC8276B650}
	EndGlobalSection
EndGlobal
